{
  "name": "refactorfe",
  "version": "1.0.0",
  "lockfileVersion": 1,
  "requires": true,
  "dependencies": {
    "rainbow-web-sdk": {
      "version": "1.68.0",
      "resolved": "https://registry.npmjs.org/rainbow-web-sdk/-/rainbow-web-sdk-1.68.0.tgz",
      "integrity": "sha512-3FotdFNJznvjx2Pn9HFW9kLER5pJo+XZys1sLvJUzNLAw9X/yE91qeJBiXMG1AKMY2X2dncDJDpiS/yCuNLlYg=="
    }
  }
}
